// !$*UTF8*$!
{
	archiveVersion = 1;
	classes = {
	};
	objectVersion = 46;
	objects = {

/* Begin PBXBuildFile section */
		4CF514DF9ECA024676C1D877 /* Pods_SwiftlySalesforce_Tests.framework in Frameworks */ = {isa = PBXBuildFile; fileRef = CE2B0F9745755F5A69D654A8 /* Pods_SwiftlySalesforce_Tests.framework */; };
		534DFA7C78453D8B7E582C26 /* Pods_SwiftlySalesforce_Example.framework in Frameworks */ = {isa = PBXBuildFile; fileRef = 21D41C68BF76D2015A912F59 /* Pods_SwiftlySalesforce_Example.framework */; };
		607FACDB1AFB9204008FA782 /* Main.storyboard in Resources */ = {isa = PBXBuildFile; fileRef = 607FACD91AFB9204008FA782 /* Main.storyboard */; };
		607FACDD1AFB9204008FA782 /* Images.xcassets in Resources */ = {isa = PBXBuildFile; fileRef = 607FACDC1AFB9204008FA782 /* Images.xcassets */; };
		607FACE01AFB9204008FA782 /* LaunchScreen.xib in Resources */ = {isa = PBXBuildFile; fileRef = 607FACDE1AFB9204008FA782 /* LaunchScreen.xib */; };
		EA223AD91F8DD532003DC025 /* MockContactMetadata.json in Resources */ = {isa = PBXBuildFile; fileRef = EA87A4BD1F8DD2C100C16580 /* MockContactMetadata.json */; };
		EA34D068216FB0F7000ACBC6 /* MockAccountQueryResult.json in Resources */ = {isa = PBXBuildFile; fileRef = EA34D066216FB0AD000ACBC6 /* MockAccountQueryResult.json */; };
		EA34D069216FB0FC000ACBC6 /* MockAccount.json in Resources */ = {isa = PBXBuildFile; fileRef = EA34D064216FB064000ACBC6 /* MockAccount.json */; };
		EA34D06C216FB13F000ACBC6 /* MockAggregateQueryResult.json in Resources */ = {isa = PBXBuildFile; fileRef = EA34D06A216FB138000ACBC6 /* MockAggregateQueryResult.json */; };
		EA3DA7E120E68F4800648FE0 /* MasterViewController.swift in Sources */ = {isa = PBXBuildFile; fileRef = EABD723A1DC0455C00790BCB /* MasterViewController.swift */; };
		EA3DA7E220E68F4C00648FE0 /* DetailViewController.swift in Sources */ = {isa = PBXBuildFile; fileRef = EABD723F1DC0455C00790BCB /* DetailViewController.swift */; };
		EA57EBF320D2B7E300374451 /* TestUtils.swift in Sources */ = {isa = PBXBuildFile; fileRef = EA133DA91F91DC060055DC2F /* TestUtils.swift */; };
		EA62C6781F196E7C00D6CF4E /* MockAccountMetadata.json in Resources */ = {isa = PBXBuildFile; fileRef = EA62C6621F196E6600D6CF4E /* MockAccountMetadata.json */; };
		EA62C67E1F196E9500D6CF4E /* MockIdentityPreWinter19.json in Resources */ = {isa = PBXBuildFile; fileRef = EA62C6681F196E6600D6CF4E /* MockIdentityPreWinter19.json */; };
		EA7BDBD920EFC5890026856B /* Salesforce_QueryTests.swift in Sources */ = {isa = PBXBuildFile; fileRef = EA8A687320D55528007622D7 /* Salesforce_QueryTests.swift */; };
		EA7BDBDA20EFD41C0026856B /* AuthorizationStoreTests.swift in Sources */ = {isa = PBXBuildFile; fileRef = EA774E9B20CC61A50076D71C /* AuthorizationStoreTests.swift */; };
		EA7BDBDB20EFD99D0026856B /* Salesforce_SearchTests.swift in Sources */ = {isa = PBXBuildFile; fileRef = EA62132120EAD6AC009F1C52 /* Salesforce_SearchTests.swift */; };
		EA7BDBDD20EFDA440026856B /* URL_QueryItemTests.swift in Sources */ = {isa = PBXBuildFile; fileRef = EA7BDBDC20EFDA440026856B /* URL_QueryItemTests.swift */; };
		EA7BDBDF20EFDB5D0026856B /* UIResourceTests.swift in Sources */ = {isa = PBXBuildFile; fileRef = EA7BDBDE20EFDB5D0026856B /* UIResourceTests.swift */; };
		EA7BDBE120EFFFDE0026856B /* Salesforce_UITests.swift in Sources */ = {isa = PBXBuildFile; fileRef = EA7BDBE020EFFFDE0026856B /* Salesforce_UITests.swift */; };
		EA99C045216F05F900FD8976 /* MockIdentityPostWinter19.json in Resources */ = {isa = PBXBuildFile; fileRef = EA99C043216F03E600FD8976 /* MockIdentityPostWinter19.json */; };
		EAAAB52E20F0FCB60079B88B /* URLRequest_URLRequestConvertibleTests.swift in Sources */ = {isa = PBXBuildFile; fileRef = EAAAB52D20F0FCB60079B88B /* URLRequest_URLRequestConvertibleTests.swift */; };
		EAAC9EB920D44F5500F0E16B /* Configuration.json in Resources */ = {isa = PBXBuildFile; fileRef = EAAC9EB820D44F5500F0E16B /* Configuration.json */; };
		EAB7EDAD1F8AEC0B00788A20 /* MockLimits.json in Resources */ = {isa = PBXBuildFile; fileRef = EAB7EDAC1F8AEC0B00788A20 /* MockLimits.json */; };
		EABD72411DC0455C00790BCB /* TaskForceError.swift in Sources */ = {isa = PBXBuildFile; fileRef = EABD723B1DC0455C00790BCB /* TaskForceError.swift */; };
		EABD72431DC0455C00790BCB /* Task.swift in Sources */ = {isa = PBXBuildFile; fileRef = EABD723D1DC0455C00790BCB /* Task.swift */; };
		EABD72441DC0455C00790BCB /* AppDelegate.swift in Sources */ = {isa = PBXBuildFile; fileRef = EABD723E1DC0455C00790BCB /* AppDelegate.swift */; };
		EAD8EF0F20EDA8B3009E9D56 /* AddressTests.swift in Sources */ = {isa = PBXBuildFile; fileRef = EAD4195020D0221C0064AFB1 /* AddressTests.swift */; };
		EAD8EF1020EDA912009E9D56 /* AuthorizationTests.swift in Sources */ = {isa = PBXBuildFile; fileRef = EA774E9920CC2B560076D71C /* AuthorizationTests.swift */; };
		EAD8EF1220EDAADF009E9D56 /* Salesforce_ConfigurationTests.swift in Sources */ = {isa = PBXBuildFile; fileRef = EAD8EF1120EDAADF009E9D56 /* Salesforce_ConfigurationTests.swift */; };
		EAD8EF1320EDC5B7009E9D56 /* DateFormatter_SalesforceTests.swift in Sources */ = {isa = PBXBuildFile; fileRef = EAAC9E8120D2DC9500F0E16B /* DateFormatter_SalesforceTests.swift */; };
		EAD8EF1520EDC65D009E9D56 /* RESTResourceTests.swift in Sources */ = {isa = PBXBuildFile; fileRef = EAD8EF1420EDC65D009E9D56 /* RESTResourceTests.swift */; };
		EAD8EF1620EDC8EB009E9D56 /* IdentityTests.swift in Sources */ = {isa = PBXBuildFile; fileRef = EA846FC020DCBB16004F120E /* IdentityTests.swift */; };
		EAD8EF1720EDC99C009E9D56 /* KeychainTests.swift in Sources */ = {isa = PBXBuildFile; fileRef = EAB438941F65E26100C9ED97 /* KeychainTests.swift */; };
		EAD8EF1A20EDCA39009E9D56 /* OrganizationTests.swift in Sources */ = {isa = PBXBuildFile; fileRef = EA2399F720D1E93B00E7FF32 /* OrganizationTests.swift */; };
		EAD8EF1B20EDCB24009E9D56 /* SObjectTests.swift in Sources */ = {isa = PBXBuildFile; fileRef = EABF48711FA7F51200702175 /* SObjectTests.swift */; };
		EAD8EF1C20EE9BEB009E9D56 /* ObjectDescriptionTests.swift in Sources */ = {isa = PBXBuildFile; fileRef = EAEE66A51F8DD18E0032A597 /* ObjectDescriptionTests.swift */; };
		EAD8EF1F20EE9F2D009E9D56 /* SObjectResourceTests.swift in Sources */ = {isa = PBXBuildFile; fileRef = EAD8EF1E20EE9F2D009E9D56 /* SObjectResourceTests.swift */; };
		EAD8EF2020EED0F6009E9D56 /* Salesforce_SObjectTests.swift in Sources */ = {isa = PBXBuildFile; fileRef = EA62132520EADA3F009F1C52 /* Salesforce_SObjectTests.swift */; };
		EAD8EF6420EEEC65009E9D56 /* Salesforce_RESTTests.swift in Sources */ = {isa = PBXBuildFile; fileRef = EAD8EF6320EEEC65009E9D56 /* Salesforce_RESTTests.swift */; };
		EAD8EF6520EEF749009E9D56 /* Salesforce_OAuthTests.swift in Sources */ = {isa = PBXBuildFile; fileRef = EAAC9EB620D420AD00F0E16B /* Salesforce_OAuthTests.swift */; };
		EAD8EF6720EEFC49009E9D56 /* OAuthResourceTests.swift in Sources */ = {isa = PBXBuildFile; fileRef = EAD8EF6620EEFC49009E9D56 /* OAuthResourceTests.swift */; };
		EAE59BE8216D200A00680CF2 /* RefreshTokenResultTests.swift in Sources */ = {isa = PBXBuildFile; fileRef = EAE59BE7216D200A00680CF2 /* RefreshTokenResultTests.swift */; };
/* End PBXBuildFile section */

/* Begin PBXContainerItemProxy section */
		607FACE61AFB9204008FA782 /* PBXContainerItemProxy */ = {
			isa = PBXContainerItemProxy;
			containerPortal = 607FACC81AFB9204008FA782 /* Project object */;
			proxyType = 1;
			remoteGlobalIDString = 607FACCF1AFB9204008FA782;
			remoteInfo = SwiftlySalesforce;
		};
/* End PBXContainerItemProxy section */

/* Begin PBXFileReference section */
		111732379560F313E6BB7A77 /* Pods-SwiftlySalesforce_Example.release.xcconfig */ = {isa = PBXFileReference; includeInIndex = 1; lastKnownFileType = text.xcconfig; name = "Pods-SwiftlySalesforce_Example.release.xcconfig"; path = "Pods/Target Support Files/Pods-SwiftlySalesforce_Example/Pods-SwiftlySalesforce_Example.release.xcconfig"; sourceTree = "<group>"; };
		21D41C68BF76D2015A912F59 /* Pods_SwiftlySalesforce_Example.framework */ = {isa = PBXFileReference; explicitFileType = wrapper.framework; includeInIndex = 0; path = Pods_SwiftlySalesforce_Example.framework; sourceTree = BUILT_PRODUCTS_DIR; };
		24705FBC892656066700574C /* Pods-SwiftlySalesforce_Example.debug.xcconfig */ = {isa = PBXFileReference; includeInIndex = 1; lastKnownFileType = text.xcconfig; name = "Pods-SwiftlySalesforce_Example.debug.xcconfig"; path = "Pods/Target Support Files/Pods-SwiftlySalesforce_Example/Pods-SwiftlySalesforce_Example.debug.xcconfig"; sourceTree = "<group>"; };
		607FACD01AFB9204008FA782 /* SwiftlySalesforce_Example.app */ = {isa = PBXFileReference; explicitFileType = wrapper.application; includeInIndex = 0; path = SwiftlySalesforce_Example.app; sourceTree = BUILT_PRODUCTS_DIR; };
		607FACD41AFB9204008FA782 /* Info.plist */ = {isa = PBXFileReference; lastKnownFileType = text.plist.xml; path = Info.plist; sourceTree = "<group>"; };
		607FACDA1AFB9204008FA782 /* Base */ = {isa = PBXFileReference; lastKnownFileType = file.storyboard; name = Base; path = Base.lproj/Main.storyboard; sourceTree = "<group>"; };
		607FACDC1AFB9204008FA782 /* Images.xcassets */ = {isa = PBXFileReference; lastKnownFileType = folder.assetcatalog; path = Images.xcassets; sourceTree = "<group>"; };
		607FACDF1AFB9204008FA782 /* Base */ = {isa = PBXFileReference; lastKnownFileType = file.xib; name = Base; path = Base.lproj/LaunchScreen.xib; sourceTree = "<group>"; };
		607FACE51AFB9204008FA782 /* SwiftlySalesforce_Tests.xctest */ = {isa = PBXFileReference; explicitFileType = wrapper.cfbundle; includeInIndex = 0; path = SwiftlySalesforce_Tests.xctest; sourceTree = BUILT_PRODUCTS_DIR; };
		607FACEA1AFB9204008FA782 /* Info.plist */ = {isa = PBXFileReference; lastKnownFileType = text.plist.xml; path = Info.plist; sourceTree = "<group>"; };
		90E884D3C81D57C00681BD33 /* Pods-SwiftlySalesforce_Tests.debug.xcconfig */ = {isa = PBXFileReference; includeInIndex = 1; lastKnownFileType = text.xcconfig; name = "Pods-SwiftlySalesforce_Tests.debug.xcconfig"; path = "Pods/Target Support Files/Pods-SwiftlySalesforce_Tests/Pods-SwiftlySalesforce_Tests.debug.xcconfig"; sourceTree = "<group>"; };
		CBB0C3BD871818BF7C186464 /* README.md */ = {isa = PBXFileReference; includeInIndex = 1; lastKnownFileType = net.daringfireball.markdown; name = README.md; path = ../README.md; sourceTree = "<group>"; };
		CE2B0F9745755F5A69D654A8 /* Pods_SwiftlySalesforce_Tests.framework */ = {isa = PBXFileReference; explicitFileType = wrapper.framework; includeInIndex = 0; path = Pods_SwiftlySalesforce_Tests.framework; sourceTree = BUILT_PRODUCTS_DIR; };
		D34715B1ED2A8E40E849172A /* SwiftlySalesforce.podspec */ = {isa = PBXFileReference; includeInIndex = 1; lastKnownFileType = text; name = SwiftlySalesforce.podspec; path = ../SwiftlySalesforce.podspec; sourceTree = "<group>"; xcLanguageSpecificationIdentifier = xcode.lang.ruby; };
		EA133DA91F91DC060055DC2F /* TestUtils.swift */ = {isa = PBXFileReference; lastKnownFileType = sourcecode.swift; path = TestUtils.swift; sourceTree = "<group>"; };
		EA18C7A91C4404F800DAED6A /* CHANGELOG.md */ = {isa = PBXFileReference; lastKnownFileType = net.daringfireball.markdown; name = CHANGELOG.md; path = ../CHANGELOG.md; sourceTree = "<group>"; };
		EA2399F720D1E93B00E7FF32 /* OrganizationTests.swift */ = {isa = PBXFileReference; lastKnownFileType = sourcecode.swift; path = OrganizationTests.swift; sourceTree = "<group>"; };
		EA34D064216FB064000ACBC6 /* MockAccount.json */ = {isa = PBXFileReference; lastKnownFileType = text.json; path = MockAccount.json; sourceTree = "<group>"; };
		EA34D066216FB0AD000ACBC6 /* MockAccountQueryResult.json */ = {isa = PBXFileReference; lastKnownFileType = text.json; path = MockAccountQueryResult.json; sourceTree = "<group>"; };
		EA34D06A216FB138000ACBC6 /* MockAggregateQueryResult.json */ = {isa = PBXFileReference; lastKnownFileType = text.json; path = MockAggregateQueryResult.json; sourceTree = "<group>"; };
		EA62132120EAD6AC009F1C52 /* Salesforce_SearchTests.swift */ = {isa = PBXFileReference; lastKnownFileType = sourcecode.swift; path = Salesforce_SearchTests.swift; sourceTree = "<group>"; };
		EA62132520EADA3F009F1C52 /* Salesforce_SObjectTests.swift */ = {isa = PBXFileReference; lastKnownFileType = sourcecode.swift; path = Salesforce_SObjectTests.swift; sourceTree = "<group>"; };
		EA62C6621F196E6600D6CF4E /* MockAccountMetadata.json */ = {isa = PBXFileReference; fileEncoding = 4; lastKnownFileType = text.json; path = MockAccountMetadata.json; sourceTree = "<group>"; };
		EA62C6681F196E6600D6CF4E /* MockIdentityPreWinter19.json */ = {isa = PBXFileReference; fileEncoding = 4; lastKnownFileType = text.json; path = MockIdentityPreWinter19.json; sourceTree = "<group>"; };
		EA774E9920CC2B560076D71C /* AuthorizationTests.swift */ = {isa = PBXFileReference; lastKnownFileType = sourcecode.swift; path = AuthorizationTests.swift; sourceTree = "<group>"; };
		EA774E9B20CC61A50076D71C /* AuthorizationStoreTests.swift */ = {isa = PBXFileReference; lastKnownFileType = sourcecode.swift; path = AuthorizationStoreTests.swift; sourceTree = "<group>"; };
		EA7BDBDC20EFDA440026856B /* URL_QueryItemTests.swift */ = {isa = PBXFileReference; lastKnownFileType = sourcecode.swift; path = URL_QueryItemTests.swift; sourceTree = "<group>"; };
		EA7BDBDE20EFDB5D0026856B /* UIResourceTests.swift */ = {isa = PBXFileReference; lastKnownFileType = sourcecode.swift; path = UIResourceTests.swift; sourceTree = "<group>"; };
		EA7BDBE020EFFFDE0026856B /* Salesforce_UITests.swift */ = {isa = PBXFileReference; lastKnownFileType = sourcecode.swift; path = Salesforce_UITests.swift; sourceTree = "<group>"; };
		EA846FC020DCBB16004F120E /* IdentityTests.swift */ = {isa = PBXFileReference; lastKnownFileType = sourcecode.swift; path = IdentityTests.swift; sourceTree = "<group>"; };
		EA87A4BD1F8DD2C100C16580 /* MockContactMetadata.json */ = {isa = PBXFileReference; lastKnownFileType = text.json; path = MockContactMetadata.json; sourceTree = "<group>"; };
		EA8A687320D55528007622D7 /* Salesforce_QueryTests.swift */ = {isa = PBXFileReference; lastKnownFileType = sourcecode.swift; path = Salesforce_QueryTests.swift; sourceTree = "<group>"; };
		EA99C043216F03E600FD8976 /* MockIdentityPostWinter19.json */ = {isa = PBXFileReference; fileEncoding = 4; lastKnownFileType = text.json; path = MockIdentityPostWinter19.json; sourceTree = "<group>"; };
		EAAAB52D20F0FCB60079B88B /* URLRequest_URLRequestConvertibleTests.swift */ = {isa = PBXFileReference; lastKnownFileType = sourcecode.swift; path = URLRequest_URLRequestConvertibleTests.swift; sourceTree = "<group>"; };
		EAAC9E8120D2DC9500F0E16B /* DateFormatter_SalesforceTests.swift */ = {isa = PBXFileReference; lastKnownFileType = sourcecode.swift; path = DateFormatter_SalesforceTests.swift; sourceTree = "<group>"; };
		EAAC9EB620D420AD00F0E16B /* Salesforce_OAuthTests.swift */ = {isa = PBXFileReference; lastKnownFileType = sourcecode.swift; path = Salesforce_OAuthTests.swift; sourceTree = "<group>"; };
		EAAC9EB820D44F5500F0E16B /* Configuration.json */ = {isa = PBXFileReference; fileEncoding = 4; lastKnownFileType = text.json; path = Configuration.json; sourceTree = "<group>"; };
		EAB438941F65E26100C9ED97 /* KeychainTests.swift */ = {isa = PBXFileReference; fileEncoding = 4; lastKnownFileType = sourcecode.swift; path = KeychainTests.swift; sourceTree = "<group>"; };
		EAB7EDAC1F8AEC0B00788A20 /* MockLimits.json */ = {isa = PBXFileReference; lastKnownFileType = text.json; path = MockLimits.json; sourceTree = "<group>"; };
		EABD723A1DC0455C00790BCB /* MasterViewController.swift */ = {isa = PBXFileReference; fileEncoding = 4; lastKnownFileType = sourcecode.swift; path = MasterViewController.swift; sourceTree = "<group>"; };
		EABD723B1DC0455C00790BCB /* TaskForceError.swift */ = {isa = PBXFileReference; fileEncoding = 4; lastKnownFileType = sourcecode.swift; path = TaskForceError.swift; sourceTree = "<group>"; };
		EABD723D1DC0455C00790BCB /* Task.swift */ = {isa = PBXFileReference; fileEncoding = 4; lastKnownFileType = sourcecode.swift; path = Task.swift; sourceTree = "<group>"; };
		EABD723E1DC0455C00790BCB /* AppDelegate.swift */ = {isa = PBXFileReference; fileEncoding = 4; lastKnownFileType = sourcecode.swift; path = AppDelegate.swift; sourceTree = "<group>"; };
		EABD723F1DC0455C00790BCB /* DetailViewController.swift */ = {isa = PBXFileReference; fileEncoding = 4; lastKnownFileType = sourcecode.swift; path = DetailViewController.swift; sourceTree = "<group>"; };
		EABF48711FA7F51200702175 /* SObjectTests.swift */ = {isa = PBXFileReference; lastKnownFileType = sourcecode.swift; path = SObjectTests.swift; sourceTree = "<group>"; };
		EAD4195020D0221C0064AFB1 /* AddressTests.swift */ = {isa = PBXFileReference; lastKnownFileType = sourcecode.swift; path = AddressTests.swift; sourceTree = "<group>"; };
		EAD8EF1120EDAADF009E9D56 /* Salesforce_ConfigurationTests.swift */ = {isa = PBXFileReference; lastKnownFileType = sourcecode.swift; path = Salesforce_ConfigurationTests.swift; sourceTree = "<group>"; };
		EAD8EF1420EDC65D009E9D56 /* RESTResourceTests.swift */ = {isa = PBXFileReference; lastKnownFileType = sourcecode.swift; path = RESTResourceTests.swift; sourceTree = "<group>"; };
		EAD8EF1E20EE9F2D009E9D56 /* SObjectResourceTests.swift */ = {isa = PBXFileReference; lastKnownFileType = sourcecode.swift; path = SObjectResourceTests.swift; sourceTree = "<group>"; };
		EAD8EF6320EEEC65009E9D56 /* Salesforce_RESTTests.swift */ = {isa = PBXFileReference; lastKnownFileType = sourcecode.swift; path = Salesforce_RESTTests.swift; sourceTree = "<group>"; };
		EAD8EF6620EEFC49009E9D56 /* OAuthResourceTests.swift */ = {isa = PBXFileReference; lastKnownFileType = sourcecode.swift; path = OAuthResourceTests.swift; sourceTree = "<group>"; };
		EAE59BE7216D200A00680CF2 /* RefreshTokenResultTests.swift */ = {isa = PBXFileReference; lastKnownFileType = sourcecode.swift; path = RefreshTokenResultTests.swift; sourceTree = "<group>"; };
		EAEE66A51F8DD18E0032A597 /* ObjectDescriptionTests.swift */ = {isa = PBXFileReference; fileEncoding = 4; lastKnownFileType = sourcecode.swift; path = ObjectDescriptionTests.swift; sourceTree = "<group>"; };
		F7891B295CCEE606466284B0 /* LICENSE */ = {isa = PBXFileReference; includeInIndex = 1; lastKnownFileType = text; name = LICENSE; path = ../LICENSE; sourceTree = "<group>"; };
		F8FEE5B2427F471C6FAA4ACD /* Pods-SwiftlySalesforce_Tests.release.xcconfig */ = {isa = PBXFileReference; includeInIndex = 1; lastKnownFileType = text.xcconfig; name = "Pods-SwiftlySalesforce_Tests.release.xcconfig"; path = "Pods/Target Support Files/Pods-SwiftlySalesforce_Tests/Pods-SwiftlySalesforce_Tests.release.xcconfig"; sourceTree = "<group>"; };
/* End PBXFileReference section */

/* Begin PBXFrameworksBuildPhase section */
		607FACCD1AFB9204008FA782 /* Frameworks */ = {
			isa = PBXFrameworksBuildPhase;
			buildActionMask = 2147483647;
			files = (
				534DFA7C78453D8B7E582C26 /* Pods_SwiftlySalesforce_Example.framework in Frameworks */,
			);
			runOnlyForDeploymentPostprocessing = 0;
		};
		607FACE21AFB9204008FA782 /* Frameworks */ = {
			isa = PBXFrameworksBuildPhase;
			buildActionMask = 2147483647;
			files = (
				4CF514DF9ECA024676C1D877 /* Pods_SwiftlySalesforce_Tests.framework in Frameworks */,
			);
			runOnlyForDeploymentPostprocessing = 0;
		};
/* End PBXFrameworksBuildPhase section */

/* Begin PBXGroup section */
		607FACC71AFB9204008FA782 = {
			isa = PBXGroup;
			children = (
				607FACF51AFB993E008FA782 /* Podspec Metadata */,
				607FACD21AFB9204008FA782 /* Example for SwiftlySalesforce */,
				607FACE81AFB9204008FA782 /* Tests */,
				607FACD11AFB9204008FA782 /* Products */,
				ACE722C3A1B9352BCCD7B57B /* Pods */,
				64FADB0DA5F375CB0BC34407 /* Frameworks */,
			);
			sourceTree = "<group>";
		};
		607FACD11AFB9204008FA782 /* Products */ = {
			isa = PBXGroup;
			children = (
				607FACD01AFB9204008FA782 /* SwiftlySalesforce_Example.app */,
				607FACE51AFB9204008FA782 /* SwiftlySalesforce_Tests.xctest */,
			);
			name = Products;
			sourceTree = "<group>";
		};
		607FACD21AFB9204008FA782 /* Example for SwiftlySalesforce */ = {
			isa = PBXGroup;
			children = (
				EABD723E1DC0455C00790BCB /* AppDelegate.swift */,
				EABD723F1DC0455C00790BCB /* DetailViewController.swift */,
				607FACDE1AFB9204008FA782 /* LaunchScreen.xib */,
				607FACD91AFB9204008FA782 /* Main.storyboard */,
				EABD723A1DC0455C00790BCB /* MasterViewController.swift */,
				EABD723D1DC0455C00790BCB /* Task.swift */,
				EABD723B1DC0455C00790BCB /* TaskForceError.swift */,
				607FACDC1AFB9204008FA782 /* Images.xcassets */,
				607FACD31AFB9204008FA782 /* Supporting Files */,
			);
			name = "Example for SwiftlySalesforce";
			path = SwiftlySalesforce;
			sourceTree = "<group>";
		};
		607FACD31AFB9204008FA782 /* Supporting Files */ = {
			isa = PBXGroup;
			children = (
				607FACD41AFB9204008FA782 /* Info.plist */,
			);
			name = "Supporting Files";
			sourceTree = "<group>";
		};
		607FACE81AFB9204008FA782 /* Tests */ = {
			isa = PBXGroup;
			children = (
				EAD4195020D0221C0064AFB1 /* AddressTests.swift */,
				EA774E9B20CC61A50076D71C /* AuthorizationStoreTests.swift */,
				EA774E9920CC2B560076D71C /* AuthorizationTests.swift */,
				EAAC9E8120D2DC9500F0E16B /* DateFormatter_SalesforceTests.swift */,
				EA846FC020DCBB16004F120E /* IdentityTests.swift */,
				EAB438941F65E26100C9ED97 /* KeychainTests.swift */,
				EAD8EF6620EEFC49009E9D56 /* OAuthResourceTests.swift */,
				EAEE66A51F8DD18E0032A597 /* ObjectDescriptionTests.swift */,
				EA2399F720D1E93B00E7FF32 /* OrganizationTests.swift */,
				EAE59BE7216D200A00680CF2 /* RefreshTokenResultTests.swift */,
				EAD8EF1420EDC65D009E9D56 /* RESTResourceTests.swift */,
				EAD8EF1120EDAADF009E9D56 /* Salesforce_ConfigurationTests.swift */,
				EAAC9EB620D420AD00F0E16B /* Salesforce_OAuthTests.swift */,
				EA8A687320D55528007622D7 /* Salesforce_QueryTests.swift */,
				EAD8EF6320EEEC65009E9D56 /* Salesforce_RESTTests.swift */,
				EA62132120EAD6AC009F1C52 /* Salesforce_SearchTests.swift */,
				EA62132520EADA3F009F1C52 /* Salesforce_SObjectTests.swift */,
				EA7BDBE020EFFFDE0026856B /* Salesforce_UITests.swift */,
				EAD8EF1E20EE9F2D009E9D56 /* SObjectResourceTests.swift */,
				EABF48711FA7F51200702175 /* SObjectTests.swift */,
				EA133DA91F91DC060055DC2F /* TestUtils.swift */,
				EA7BDBDE20EFDB5D0026856B /* UIResourceTests.swift */,
				EA7BDBDC20EFDA440026856B /* URL_QueryItemTests.swift */,
				EAAAB52D20F0FCB60079B88B /* URLRequest_URLRequestConvertibleTests.swift */,
				607FACE91AFB9204008FA782 /* Supporting Files */,
			);
			path = Tests;
			sourceTree = "<group>";
		};
		607FACE91AFB9204008FA782 /* Supporting Files */ = {
			isa = PBXGroup;
			children = (
				EAAC9EB820D44F5500F0E16B /* Configuration.json */,
				EA34D064216FB064000ACBC6 /* MockAccount.json */,
				EA62C6621F196E6600D6CF4E /* MockAccountMetadata.json */,
				EA34D066216FB0AD000ACBC6 /* MockAccountQueryResult.json */,
				EA34D06A216FB138000ACBC6 /* MockAggregateQueryResult.json */,
				EA87A4BD1F8DD2C100C16580 /* MockContactMetadata.json */,
				EA62C6681F196E6600D6CF4E /* MockIdentityPreWinter19.json */,
				EA99C043216F03E600FD8976 /* MockIdentityPostWinter19.json */,
				EAB7EDAC1F8AEC0B00788A20 /* MockLimits.json */,
				607FACEA1AFB9204008FA782 /* Info.plist */,
			);
			name = "Supporting Files";
			sourceTree = "<group>";
		};
		607FACF51AFB993E008FA782 /* Podspec Metadata */ = {
			isa = PBXGroup;
			children = (
				EA18C7A91C4404F800DAED6A /* CHANGELOG.md */,
				D34715B1ED2A8E40E849172A /* SwiftlySalesforce.podspec */,
				CBB0C3BD871818BF7C186464 /* README.md */,
				F7891B295CCEE606466284B0 /* LICENSE */,
			);
			name = "Podspec Metadata";
			sourceTree = "<group>";
		};
		64FADB0DA5F375CB0BC34407 /* Frameworks */ = {
			isa = PBXGroup;
			children = (
				21D41C68BF76D2015A912F59 /* Pods_SwiftlySalesforce_Example.framework */,
				CE2B0F9745755F5A69D654A8 /* Pods_SwiftlySalesforce_Tests.framework */,
			);
			name = Frameworks;
			sourceTree = "<group>";
		};
		ACE722C3A1B9352BCCD7B57B /* Pods */ = {
			isa = PBXGroup;
			children = (
				24705FBC892656066700574C /* Pods-SwiftlySalesforce_Example.debug.xcconfig */,
				111732379560F313E6BB7A77 /* Pods-SwiftlySalesforce_Example.release.xcconfig */,
				90E884D3C81D57C00681BD33 /* Pods-SwiftlySalesforce_Tests.debug.xcconfig */,
				F8FEE5B2427F471C6FAA4ACD /* Pods-SwiftlySalesforce_Tests.release.xcconfig */,
			);
			name = Pods;
			sourceTree = "<group>";
		};
/* End PBXGroup section */

/* Begin PBXNativeTarget section */
		607FACCF1AFB9204008FA782 /* SwiftlySalesforce_Example */ = {
			isa = PBXNativeTarget;
			buildConfigurationList = 607FACEF1AFB9204008FA782 /* Build configuration list for PBXNativeTarget "SwiftlySalesforce_Example" */;
			buildPhases = (
				94C5C296D807F3283F86EA54 /* [CP] Check Pods Manifest.lock */,
				607FACCC1AFB9204008FA782 /* Sources */,
				607FACCD1AFB9204008FA782 /* Frameworks */,
				607FACCE1AFB9204008FA782 /* Resources */,
				94729BEEC5107C5207BB88DB /* [CP] Embed Pods Frameworks */,
			);
			buildRules = (
			);
			dependencies = (
			);
			name = SwiftlySalesforce_Example;
			productName = SwiftlySalesforce;
			productReference = 607FACD01AFB9204008FA782 /* SwiftlySalesforce_Example.app */;
			productType = "com.apple.product-type.application";
		};
		607FACE41AFB9204008FA782 /* SwiftlySalesforce_Tests */ = {
			isa = PBXNativeTarget;
			buildConfigurationList = 607FACF21AFB9204008FA782 /* Build configuration list for PBXNativeTarget "SwiftlySalesforce_Tests" */;
			buildPhases = (
				9C12BED75CB4FE9418A6BAC8 /* [CP] Check Pods Manifest.lock */,
				607FACE11AFB9204008FA782 /* Sources */,
				607FACE21AFB9204008FA782 /* Frameworks */,
				607FACE31AFB9204008FA782 /* Resources */,
				85243745D5983CDEE2C67E64 /* [CP] Embed Pods Frameworks */,
			);
			buildRules = (
			);
			dependencies = (
				607FACE71AFB9204008FA782 /* PBXTargetDependency */,
			);
			name = SwiftlySalesforce_Tests;
			productName = Tests;
			productReference = 607FACE51AFB9204008FA782 /* SwiftlySalesforce_Tests.xctest */;
			productType = "com.apple.product-type.bundle.unit-test";
		};
/* End PBXNativeTarget section */

/* Begin PBXProject section */
		607FACC81AFB9204008FA782 /* Project object */ = {
			isa = PBXProject;
			attributes = {
				LastSwiftUpdateCheck = 0720;
				LastUpgradeCheck = 0720;
				ORGANIZATIONNAME = CocoaPods;
				TargetAttributes = {
					607FACCF1AFB9204008FA782 = {
						CreatedOnToolsVersion = 6.3.1;
						DevelopmentTeam = 2R46AVEA2Z;
						LastSwiftMigration = 0800;
						SystemCapabilities = {
							com.apple.Keychain = {
								enabled = 0;
							};
						};
					};
					607FACE41AFB9204008FA782 = {
						CreatedOnToolsVersion = 6.3.1;
						DevelopmentTeam = 2R46AVEA2Z;
						LastSwiftMigration = 0940;
						TestTargetID = 607FACCF1AFB9204008FA782;
					};
				};
			};
			buildConfigurationList = 607FACCB1AFB9204008FA782 /* Build configuration list for PBXProject "SwiftlySalesforce" */;
			compatibilityVersion = "Xcode 3.2";
			developmentRegion = English;
			hasScannedForEncodings = 0;
			knownRegions = (
				en,
				Base,
			);
			mainGroup = 607FACC71AFB9204008FA782;
			productRefGroup = 607FACD11AFB9204008FA782 /* Products */;
			projectDirPath = "";
			projectRoot = "";
			targets = (
				607FACCF1AFB9204008FA782 /* SwiftlySalesforce_Example */,
				607FACE41AFB9204008FA782 /* SwiftlySalesforce_Tests */,
			);
		};
/* End PBXProject section */

/* Begin PBXResourcesBuildPhase section */
		607FACCE1AFB9204008FA782 /* Resources */ = {
			isa = PBXResourcesBuildPhase;
			buildActionMask = 2147483647;
			files = (
				607FACDB1AFB9204008FA782 /* Main.storyboard in Resources */,
				607FACE01AFB9204008FA782 /* LaunchScreen.xib in Resources */,
				607FACDD1AFB9204008FA782 /* Images.xcassets in Resources */,
				EAB7EDAD1F8AEC0B00788A20 /* MockLimits.json in Resources */,
			);
			runOnlyForDeploymentPostprocessing = 0;
		};
		607FACE31AFB9204008FA782 /* Resources */ = {
			isa = PBXResourcesBuildPhase;
			buildActionMask = 2147483647;
			files = (
				EA99C045216F05F900FD8976 /* MockIdentityPostWinter19.json in Resources */,
				EA34D068216FB0F7000ACBC6 /* MockAccountQueryResult.json in Resources */,
				EA62C6781F196E7C00D6CF4E /* MockAccountMetadata.json in Resources */,
				EA34D06C216FB13F000ACBC6 /* MockAggregateQueryResult.json in Resources */,
				EA62C67E1F196E9500D6CF4E /* MockIdentityPreWinter19.json in Resources */,
				EA34D069216FB0FC000ACBC6 /* MockAccount.json in Resources */,
				EAAC9EB920D44F5500F0E16B /* Configuration.json in Resources */,
				EA223AD91F8DD532003DC025 /* MockContactMetadata.json in Resources */,
			);
			runOnlyForDeploymentPostprocessing = 0;
		};
/* End PBXResourcesBuildPhase section */

/* Begin PBXShellScriptBuildPhase section */
		85243745D5983CDEE2C67E64 /* [CP] Embed Pods Frameworks */ = {
			isa = PBXShellScriptBuildPhase;
			buildActionMask = 2147483647;
			files = (
			);
			inputPaths = (
				"${SRCROOT}/Pods/Target Support Files/Pods-SwiftlySalesforce_Tests/Pods-SwiftlySalesforce_Tests-frameworks.sh",
				"${BUILT_PRODUCTS_DIR}/PromiseKit/PromiseKit.framework",
				"${BUILT_PRODUCTS_DIR}/SwiftlySalesforce/SwiftlySalesforce.framework",
			);
			name = "[CP] Embed Pods Frameworks";
			outputPaths = (
				"${TARGET_BUILD_DIR}/${FRAMEWORKS_FOLDER_PATH}/PromiseKit.framework",
				"${TARGET_BUILD_DIR}/${FRAMEWORKS_FOLDER_PATH}/SwiftlySalesforce.framework",
			);
			runOnlyForDeploymentPostprocessing = 0;
			shellPath = /bin/sh;
			shellScript = "\"${SRCROOT}/Pods/Target Support Files/Pods-SwiftlySalesforce_Tests/Pods-SwiftlySalesforce_Tests-frameworks.sh\"\n";
			showEnvVarsInLog = 0;
		};
		94729BEEC5107C5207BB88DB /* [CP] Embed Pods Frameworks */ = {
			isa = PBXShellScriptBuildPhase;
			buildActionMask = 2147483647;
			files = (
			);
			inputPaths = (
				"${SRCROOT}/Pods/Target Support Files/Pods-SwiftlySalesforce_Example/Pods-SwiftlySalesforce_Example-frameworks.sh",
				"${BUILT_PRODUCTS_DIR}/PromiseKit/PromiseKit.framework",
				"${BUILT_PRODUCTS_DIR}/SwiftlySalesforce/SwiftlySalesforce.framework",
			);
			name = "[CP] Embed Pods Frameworks";
			outputPaths = (
				"${TARGET_BUILD_DIR}/${FRAMEWORKS_FOLDER_PATH}/PromiseKit.framework",
				"${TARGET_BUILD_DIR}/${FRAMEWORKS_FOLDER_PATH}/SwiftlySalesforce.framework",
			);
			runOnlyForDeploymentPostprocessing = 0;
			shellPath = /bin/sh;
			shellScript = "\"${SRCROOT}/Pods/Target Support Files/Pods-SwiftlySalesforce_Example/Pods-SwiftlySalesforce_Example-frameworks.sh\"\n";
			showEnvVarsInLog = 0;
		};
		94C5C296D807F3283F86EA54 /* [CP] Check Pods Manifest.lock */ = {
			isa = PBXShellScriptBuildPhase;
			buildActionMask = 2147483647;
			files = (
			);
			inputPaths = (
				"${PODS_PODFILE_DIR_PATH}/Podfile.lock",
				"${PODS_ROOT}/Manifest.lock",
			);
			name = "[CP] Check Pods Manifest.lock";
			outputPaths = (
				"$(DERIVED_FILE_DIR)/Pods-SwiftlySalesforce_Example-checkManifestLockResult.txt",
			);
			runOnlyForDeploymentPostprocessing = 0;
			shellPath = /bin/sh;
			shellScript = "diff \"${PODS_PODFILE_DIR_PATH}/Podfile.lock\" \"${PODS_ROOT}/Manifest.lock\" > /dev/null\nif [ $? != 0 ] ; then\n    # print error to STDERR\n    echo \"error: The sandbox is not in sync with the Podfile.lock. Run 'pod install' or update your CocoaPods installation.\" >&2\n    exit 1\nfi\n# This output is used by Xcode 'outputs' to avoid re-running this script phase.\necho \"SUCCESS\" > \"${SCRIPT_OUTPUT_FILE_0}\"\n";
			showEnvVarsInLog = 0;
		};
		9C12BED75CB4FE9418A6BAC8 /* [CP] Check Pods Manifest.lock */ = {
			isa = PBXShellScriptBuildPhase;
			buildActionMask = 2147483647;
			files = (
			);
			inputPaths = (
				"${PODS_PODFILE_DIR_PATH}/Podfile.lock",
				"${PODS_ROOT}/Manifest.lock",
			);
			name = "[CP] Check Pods Manifest.lock";
			outputPaths = (
				"$(DERIVED_FILE_DIR)/Pods-SwiftlySalesforce_Tests-checkManifestLockResult.txt",
			);
			runOnlyForDeploymentPostprocessing = 0;
			shellPath = /bin/sh;
			shellScript = "diff \"${PODS_PODFILE_DIR_PATH}/Podfile.lock\" \"${PODS_ROOT}/Manifest.lock\" > /dev/null\nif [ $? != 0 ] ; then\n    # print error to STDERR\n    echo \"error: The sandbox is not in sync with the Podfile.lock. Run 'pod install' or update your CocoaPods installation.\" >&2\n    exit 1\nfi\n# This output is used by Xcode 'outputs' to avoid re-running this script phase.\necho \"SUCCESS\" > \"${SCRIPT_OUTPUT_FILE_0}\"\n";
			showEnvVarsInLog = 0;
		};
/* End PBXShellScriptBuildPhase section */

/* Begin PBXSourcesBuildPhase section */
		607FACCC1AFB9204008FA782 /* Sources */ = {
			isa = PBXSourcesBuildPhase;
			buildActionMask = 2147483647;
			files = (
				EA3DA7E120E68F4800648FE0 /* MasterViewController.swift in Sources */,
				EABD72431DC0455C00790BCB /* Task.swift in Sources */,
				EABD72411DC0455C00790BCB /* TaskForceError.swift in Sources */,
				EA3DA7E220E68F4C00648FE0 /* DetailViewController.swift in Sources */,
				EABD72441DC0455C00790BCB /* AppDelegate.swift in Sources */,
			);
			runOnlyForDeploymentPostprocessing = 0;
		};
		607FACE11AFB9204008FA782 /* Sources */ = {
			isa = PBXSourcesBuildPhase;
			buildActionMask = 2147483647;
			files = (
				EAD8EF0F20EDA8B3009E9D56 /* AddressTests.swift in Sources */,
				EA7BDBDA20EFD41C0026856B /* AuthorizationStoreTests.swift in Sources */,
				EAE59BE8216D200A00680CF2 /* RefreshTokenResultTests.swift in Sources */,
				EA7BDBD920EFC5890026856B /* Salesforce_QueryTests.swift in Sources */,
				EAD8EF1520EDC65D009E9D56 /* RESTResourceTests.swift in Sources */,
				EAD8EF1620EDC8EB009E9D56 /* IdentityTests.swift in Sources */,
				EAD8EF6520EEF749009E9D56 /* Salesforce_OAuthTests.swift in Sources */,
				EAD8EF1020EDA912009E9D56 /* AuthorizationTests.swift in Sources */,
				EAD8EF2020EED0F6009E9D56 /* Salesforce_SObjectTests.swift in Sources */,
				EAAAB52E20F0FCB60079B88B /* URLRequest_URLRequestConvertibleTests.swift in Sources */,
				EA57EBF320D2B7E300374451 /* TestUtils.swift in Sources */,
				EAD8EF6420EEEC65009E9D56 /* Salesforce_RESTTests.swift in Sources */,
				EA7BDBE120EFFFDE0026856B /* Salesforce_UITests.swift in Sources */,
				EAD8EF1A20EDCA39009E9D56 /* OrganizationTests.swift in Sources */,
				EAD8EF1C20EE9BEB009E9D56 /* ObjectDescriptionTests.swift in Sources */,
				EAD8EF1B20EDCB24009E9D56 /* SObjectTests.swift in Sources */,
				EA7BDBDF20EFDB5D0026856B /* UIResourceTests.swift in Sources */,
				EAD8EF1720EDC99C009E9D56 /* KeychainTests.swift in Sources */,
				EAD8EF1F20EE9F2D009E9D56 /* SObjectResourceTests.swift in Sources */,
				EA7BDBDB20EFD99D0026856B /* Salesforce_SearchTests.swift in Sources */,
				EAD8EF1220EDAADF009E9D56 /* Salesforce_ConfigurationTests.swift in Sources */,
				EA7BDBDD20EFDA440026856B /* URL_QueryItemTests.swift in Sources */,
				EAD8EF1320EDC5B7009E9D56 /* DateFormatter_SalesforceTests.swift in Sources */,
				EAD8EF6720EEFC49009E9D56 /* OAuthResourceTests.swift in Sources */,
			);
			runOnlyForDeploymentPostprocessing = 0;
		};
/* End PBXSourcesBuildPhase section */

/* Begin PBXTargetDependency section */
		607FACE71AFB9204008FA782 /* PBXTargetDependency */ = {
			isa = PBXTargetDependency;
			target = 607FACCF1AFB9204008FA782 /* SwiftlySalesforce_Example */;
			targetProxy = 607FACE61AFB9204008FA782 /* PBXContainerItemProxy */;
		};
/* End PBXTargetDependency section */

/* Begin PBXVariantGroup section */
		607FACD91AFB9204008FA782 /* Main.storyboard */ = {
			isa = PBXVariantGroup;
			children = (
				607FACDA1AFB9204008FA782 /* Base */,
			);
			name = Main.storyboard;
			sourceTree = "<group>";
		};
		607FACDE1AFB9204008FA782 /* LaunchScreen.xib */ = {
			isa = PBXVariantGroup;
			children = (
				607FACDF1AFB9204008FA782 /* Base */,
			);
			name = LaunchScreen.xib;
			sourceTree = "<group>";
		};
/* End PBXVariantGroup section */

/* Begin XCBuildConfiguration section */
		607FACED1AFB9204008FA782 /* Debug */ = {
			isa = XCBuildConfiguration;
			buildSettings = {
				ALWAYS_SEARCH_USER_PATHS = NO;
				CLANG_CXX_LANGUAGE_STANDARD = "gnu++0x";
				CLANG_CXX_LIBRARY = "libc++";
				CLANG_ENABLE_MODULES = YES;
				CLANG_ENABLE_OBJC_ARC = YES;
				CLANG_WARN_BOOL_CONVERSION = YES;
				CLANG_WARN_CONSTANT_CONVERSION = YES;
				CLANG_WARN_DIRECT_OBJC_ISA_USAGE = YES_ERROR;
				CLANG_WARN_EMPTY_BODY = YES;
				CLANG_WARN_ENUM_CONVERSION = YES;
				CLANG_WARN_INT_CONVERSION = YES;
				CLANG_WARN_OBJC_ROOT_CLASS = YES_ERROR;
				CLANG_WARN_UNREACHABLE_CODE = YES;
				CLANG_WARN__DUPLICATE_METHOD_MATCH = YES;
				"CODE_SIGN_IDENTITY[sdk=iphoneos*]" = "iPhone Developer";
				COPY_PHASE_STRIP = NO;
				DEBUG_INFORMATION_FORMAT = "dwarf-with-dsym";
				ENABLE_STRICT_OBJC_MSGSEND = YES;
				ENABLE_TESTABILITY = NO;
				GCC_C_LANGUAGE_STANDARD = gnu99;
				GCC_DYNAMIC_NO_PIC = NO;
				GCC_NO_COMMON_BLOCKS = YES;
				GCC_OPTIMIZATION_LEVEL = 0;
				GCC_PREPROCESSOR_DEFINITIONS = (
					"DEBUG=1",
					"$(inherited)",
				);
				GCC_SYMBOLS_PRIVATE_EXTERN = NO;
				GCC_WARN_64_TO_32_BIT_CONVERSION = YES;
				GCC_WARN_ABOUT_RETURN_TYPE = YES_ERROR;
				GCC_WARN_UNDECLARED_SELECTOR = YES;
				GCC_WARN_UNINITIALIZED_AUTOS = YES_AGGRESSIVE;
				GCC_WARN_UNUSED_FUNCTION = YES;
				GCC_WARN_UNUSED_VARIABLE = YES;
				IPHONEOS_DEPLOYMENT_TARGET = 11.3;
				MTL_ENABLE_DEBUG_INFO = YES;
				ONLY_ACTIVE_ARCH = YES;
				SDKROOT = iphoneos;
				SWIFT_OPTIMIZATION_LEVEL = "-Onone";
				SWIFT_VERSION = 4.0;
			};
			name = Debug;
		};
		607FACEE1AFB9204008FA782 /* Release */ = {
			isa = XCBuildConfiguration;
			buildSettings = {
				ALWAYS_SEARCH_USER_PATHS = NO;
				CLANG_CXX_LANGUAGE_STANDARD = "gnu++0x";
				CLANG_CXX_LIBRARY = "libc++";
				CLANG_ENABLE_MODULES = YES;
				CLANG_ENABLE_OBJC_ARC = YES;
				CLANG_WARN_BOOL_CONVERSION = YES;
				CLANG_WARN_CONSTANT_CONVERSION = YES;
				CLANG_WARN_DIRECT_OBJC_ISA_USAGE = YES_ERROR;
				CLANG_WARN_EMPTY_BODY = YES;
				CLANG_WARN_ENUM_CONVERSION = YES;
				CLANG_WARN_INT_CONVERSION = YES;
				CLANG_WARN_OBJC_ROOT_CLASS = YES_ERROR;
				CLANG_WARN_UNREACHABLE_CODE = YES;
				CLANG_WARN__DUPLICATE_METHOD_MATCH = YES;
				"CODE_SIGN_IDENTITY[sdk=iphoneos*]" = "iPhone Developer";
				COPY_PHASE_STRIP = NO;
				DEBUG_INFORMATION_FORMAT = "dwarf-with-dsym";
				ENABLE_NS_ASSERTIONS = NO;
				ENABLE_STRICT_OBJC_MSGSEND = YES;
				GCC_C_LANGUAGE_STANDARD = gnu99;
				GCC_NO_COMMON_BLOCKS = YES;
				GCC_WARN_64_TO_32_BIT_CONVERSION = YES;
				GCC_WARN_ABOUT_RETURN_TYPE = YES_ERROR;
				GCC_WARN_UNDECLARED_SELECTOR = YES;
				GCC_WARN_UNINITIALIZED_AUTOS = YES_AGGRESSIVE;
				GCC_WARN_UNUSED_FUNCTION = YES;
				GCC_WARN_UNUSED_VARIABLE = YES;
				IPHONEOS_DEPLOYMENT_TARGET = 11.3;
				MTL_ENABLE_DEBUG_INFO = NO;
				SDKROOT = iphoneos;
				SWIFT_VERSION = 4.0;
				VALIDATE_PRODUCT = YES;
			};
			name = Release;
		};
		607FACF01AFB9204008FA782 /* Debug */ = {
			isa = XCBuildConfiguration;
			baseConfigurationReference = 24705FBC892656066700574C /* Pods-SwiftlySalesforce_Example.debug.xcconfig */;
			buildSettings = {
				ASSETCATALOG_COMPILER_APPICON_NAME = AppIcon;
				CLANG_ENABLE_MODULES = YES;
				DEVELOPMENT_TEAM = 2R46AVEA2Z;
				INFOPLIST_FILE = SwiftlySalesforce/Info.plist;
				IPHONEOS_DEPLOYMENT_TARGET = 11.3;
				LD_RUNPATH_SEARCH_PATHS = "$(inherited) @executable_path/Frameworks";
				MODULE_NAME = ExampleApp;
				PRODUCT_BUNDLE_IDENTIFIER = "org.cocoapods.demo.$(PRODUCT_NAME:rfc1034identifier)";
				PRODUCT_NAME = "$(TARGET_NAME)";
				SWIFT_OPTIMIZATION_LEVEL = "-Onone";
				SWIFT_VERSION = 4.0;
			};
			name = Debug;
		};
		607FACF11AFB9204008FA782 /* Release */ = {
			isa = XCBuildConfiguration;
			baseConfigurationReference = 111732379560F313E6BB7A77 /* Pods-SwiftlySalesforce_Example.release.xcconfig */;
			buildSettings = {
				ASSETCATALOG_COMPILER_APPICON_NAME = AppIcon;
				CLANG_ENABLE_MODULES = YES;
				DEVELOPMENT_TEAM = 2R46AVEA2Z;
				INFOPLIST_FILE = SwiftlySalesforce/Info.plist;
				IPHONEOS_DEPLOYMENT_TARGET = 11.3;
				LD_RUNPATH_SEARCH_PATHS = "$(inherited) @executable_path/Frameworks";
				MODULE_NAME = ExampleApp;
				PRODUCT_BUNDLE_IDENTIFIER = "org.cocoapods.demo.$(PRODUCT_NAME:rfc1034identifier)";
				PRODUCT_NAME = "$(TARGET_NAME)";
				SWIFT_VERSION = 4.0;
			};
			name = Release;
		};
		607FACF31AFB9204008FA782 /* Debug */ = {
			isa = XCBuildConfiguration;
			baseConfigurationReference = 90E884D3C81D57C00681BD33 /* Pods-SwiftlySalesforce_Tests.debug.xcconfig */;
			buildSettings = {
				ALWAYS_EMBED_SWIFT_STANDARD_LIBRARIES = "$(inherited)";
				CLANG_ENABLE_MODULES = YES;
				DEVELOPMENT_TEAM = 2R46AVEA2Z;
				FRAMEWORK_SEARCH_PATHS = (
					"$(SDKROOT)/Developer/Library/Frameworks",
					"$(inherited)",
				);
				GCC_PREPROCESSOR_DEFINITIONS = (
					"DEBUG=1",
					"$(inherited)",
				);
				INFOPLIST_FILE = Tests/Info.plist;
				LD_RUNPATH_SEARCH_PATHS = "$(inherited) @executable_path/Frameworks @loader_path/Frameworks";
				PRODUCT_BUNDLE_IDENTIFIER = "org.cocoapods.$(PRODUCT_NAME:rfc1034identifier)";
				PRODUCT_NAME = "$(TARGET_NAME)";
				SWIFT_OPTIMIZATION_LEVEL = "-Onone";
				SWIFT_VERSION = 4.0;
				TEST_HOST = "$(BUILT_PRODUCTS_DIR)/SwiftlySalesforce_Example.app/SwiftlySalesforce_Example";
			};
			name = Debug;
		};
		607FACF41AFB9204008FA782 /* Release */ = {
			isa = XCBuildConfiguration;
			baseConfigurationReference = F8FEE5B2427F471C6FAA4ACD /* Pods-SwiftlySalesforce_Tests.release.xcconfig */;
			buildSettings = {
				ALWAYS_EMBED_SWIFT_STANDARD_LIBRARIES = "$(inherited)";
				CLANG_ENABLE_MODULES = YES;
				DEVELOPMENT_TEAM = 2R46AVEA2Z;
				FRAMEWORK_SEARCH_PATHS = (
					"$(SDKROOT)/Developer/Library/Frameworks",
					"$(inherited)",
				);
				INFOPLIST_FILE = Tests/Info.plist;
				LD_RUNPATH_SEARCH_PATHS = "$(inherited) @executable_path/Frameworks @loader_path/Frameworks";
				PRODUCT_BUNDLE_IDENTIFIER = "org.cocoapods.$(PRODUCT_NAME:rfc1034identifier)";
				PRODUCT_NAME = "$(TARGET_NAME)";
				SWIFT_VERSION = 4.0;
				TEST_HOST = "$(BUILT_PRODUCTS_DIR)/SwiftlySalesforce_Example.app/SwiftlySalesforce_Example";
			};
			name = Release;
		};
/* End XCBuildConfiguration section */

/* Begin XCConfigurationList section */
		607FACCB1AFB9204008FA782 /* Build configuration list for PBXProject "SwiftlySalesforce" */ = {
			isa = XCConfigurationList;
			buildConfigurations = (
				607FACED1AFB9204008FA782 /* Debug */,
				607FACEE1AFB9204008FA782 /* Release */,
			);
			defaultConfigurationIsVisible = 0;
			defaultConfigurationName = Release;
		};
		607FACEF1AFB9204008FA782 /* Build configuration list for PBXNativeTarget "SwiftlySalesforce_Example" */ = {
			isa = XCConfigurationList;
			buildConfigurations = (
				607FACF01AFB9204008FA782 /* Debug */,
				607FACF11AFB9204008FA782 /* Release */,
			);
			defaultConfigurationIsVisible = 0;
			defaultConfigurationName = Release;
		};
		607FACF21AFB9204008FA782 /* Build configuration list for PBXNativeTarget "SwiftlySalesforce_Tests" */ = {
			isa = XCConfigurationList;
			buildConfigurations = (
				607FACF31AFB9204008FA782 /* Debug */,
				607FACF41AFB9204008FA782 /* Release */,
			);
			defaultConfigurationIsVisible = 0;
			defaultConfigurationName = Release;
		};
/* End XCConfigurationList section */
	};
	rootObject = 607FACC81AFB9204008FA782 /* Project object */;
}
